
Microsoft Visual Studio Solution File, Format Version 12.00
# Visual Studio 15
VisualStudioVersion = 15.0.27130.2024
MinimumVisualStudioVersion = 10.0.40219.1
Project("{FAE04EC0-301F-11D3-BF4B-00C04F79EFBC}") = "SeleniumTemplate", "SeleniumTemplate\SeleniumTemplate.csproj", "{D60BA3FC-B148-46BC-8A98-7452DD7E0D7A}"
EndProject
Project("{FAE04EC0-301F-11D3-BF4B-00C04F79EFBC}") = "SeleniumTests", "SeleniumTests\SeleniumTests.csproj", "{D532D7C4-1C04-4E3D-B38D-CE0DE1D8EFD1}"
EndProject
Global
	GlobalSection(SolutionConfigurationPlatforms) = preSolution
		Debug|Any CPU = Debug|Any CPU
		Release|Any CPU = Release|Any CPU
	EndGlobalSection
	GlobalSection(ProjectConfigurationPlatforms) = postSolution
		{D60BA3FC-B148-46BC-8A98-7452DD7E0D7A}.Debug|Any CPU.ActiveCfg = Debug|Any CPU
		{D60BA3FC-B148-46BC-8A98-7452DD7E0D7A}.Debug|Any CPU.Build.0 = Debug|Any CPU
		{D60BA3FC-B148-46BC-8A98-7452DD7E0D7A}.Release|Any CPU.ActiveCfg = Release|Any CPU
		{D60BA3FC-B148-46BC-8A98-7452DD7E0D7A}.Release|Any CPU.Build.0 = Release|Any CPU
		{D532D7C4-1C04-4E3D-B38D-CE0DE1D8EFD1}.Debug|Any CPU.ActiveCfg = Debug|Any CPU
		{D532D7C4-1C04-4E3D-B38D-CE0DE1D8EFD1}.Debug|Any CPU.Build.0 = Debug|Any CPU
		{D532D7C4-1C04-4E3D-B38D-CE0DE1D8EFD1}.Release|Any CPU.ActiveCfg = Release|Any CPU
		{D532D7C4-1C04-4E3D-B38D-CE0DE1D8EFD1}.Release|Any CPU.Build.0 = Release|Any CPU
	EndGlobalSection
	GlobalSection(SolutionProperties) = preSolution
		HideSolutionNode = FALSE
	EndGlobalSection
	GlobalSection(ExtensibilityGlobals) = postSolution
		SolutionGuid = {4B59D41C-9A0E-478A-B3C0-29BC2E025441}
	EndGlobalSection
EndGlobal
